# This file is autogenerated, do not edit; changes may be undone by the next 'dep ensure'.


[[projects]]
  digest = "1:3dd078fda7500c341bc26cfbc6c6a34614f295a2457149fc1045cab767cbcf18"
  name = "github.com/golang/protobuf"
  packages = [
    "proto",
    "protoc-gen-go/descriptor",
    "ptypes",
    "ptypes/any",
    "ptypes/duration",
    "ptypes/timestamp",
  ]
  pruneopts = ""
  revision = "aa810b61a9c79d51363740d207bb46cf8e620ed5"
  version = "v1.2.0"

[[projects]]
  digest = "1:870d441fe217b8e689d7949fef6e43efbc787e50f200cb1e70dbca9204a1d6be"
  name = "github.com/inconshreveable/mousetrap"
  packages = ["."]
  pruneopts = ""
  revision = "76626ae9c91c4f2a10f34cad8ce83ea42c93bb75"
  version = "v1.0"

[[projects]]
  branch = "master"
  digest = "1:212bebc561f4f654a653225868b2a97353cd5e160dc0b0bbc7232b06608474ec"
  name = "github.com/mailru/easyjson"
  packages = [
    ".",
    "buffer",
    "jlexer",
    "jwriter",
  ]
  pruneopts = ""
  revision = "60711f1a8329503b04e1c88535f419d0bb440bff"

[[projects]]
  digest = "1:0cc441f3dfe124dd74f44dd7e466dfc17cc7edff468094fbc3847a96b5ebf6f7"
  name = "github.com/nalej/derrors"
  packages = ["."]
  pruneopts = ""
  revision = "7a6df7f0bb1c7cddfec82c91119f193f6fcbc9d5"
  version = "v2.0.0"

[[projects]]
  branch = "master"
  digest = "1:ae4a7f0d3b148649bf88199a89023cbbbf87e88d411a378f824550b4a559924c"
  name = "github.com/nalej/golang-template"
  packages = ["version"]
  pruneopts = ""
  revision = "233195f38957b7aace33595d69b694c10e66be57"

[[projects]]
  digest = "1:44f7426538411ea9f774f96e3b102decc9f549b188e55e29ecc15be69542a96b"
  name = "github.com/nalej/grpc-common-go"
  packages = ["."]
  pruneopts = ""
  revision = "e1513decc4192934536180d456748a4c3dec0245"
  version = "v0.0.30"

[[projects]]
  digest = "1:1e7d571bfac19c7e5987941eeb223793cd2b249949b987fa31d04408707105b2"
  name = "github.com/nalej/grpc-unified-logging-go"
  packages = ["."]
  pruneopts = ""
  revision = "c566655bd803e2d57ef351269e82f401ab6537c1"
  version = "v0.0.1"

[[projects]]
  digest = "1:a55e0792c0a632d14fc0f7a1c4b55ed2973189c2267d7197c2e13b1a44371466"
  name = "github.com/nalej/grpc-utils"
  packages = ["pkg/tools"]
  pruneopts = ""
  revision = "3763d699ec598000c8095dc4d2e86a3ec0a169ff"
  version = "v1.3.1"

[[projects]]
  digest = "1:15904bf2ce6c7115ecea6ab1c33a40ac4fe7ca085973ed20fa9cd9d11b72484c"
  name = "github.com/olivere/elastic"
  packages = [
    ".",
    "config",
    "uritemplates",
  ]
  pruneopts = ""
  revision = "407a1d940dcc89e279c579eb393d0bdde8fd9ac4"
  version = "v6.2.16"

[[projects]]
  digest = "1:1d7e1867c49a6dd9856598ef7c3123604ea3daabf5b83f303ff457bcbc410b1d"
  name = "github.com/pkg/errors"
  packages = ["."]
  pruneopts = ""
  revision = "ba968bfe8b2f7e042a574c888954fccecfa385b4"
  version = "v0.8.1"

[[projects]]
  digest = "1:aed55b9be75ddc9942b4a19c2ca3c43d7c9d3f3c6b1ff372b0728c4df4037e6a"
  name = "github.com/rs/zerolog"
  packages = [
    ".",
    "internal/cbor",
    "internal/json",
    "log",
  ]
  pruneopts = ""
  revision = "77db4b4f350e31be66a57c332acb7721cf9ff9bb"
  version = "v1.8.0"

[[projects]]
  digest = "1:a1403cc8a94b8d7956ee5e9694badef0e7b051af289caad1cf668331e3ffa4f6"
  name = "github.com/spf13/cobra"
  packages = ["."]
  pruneopts = ""
  revision = "ef82de70bb3f60c65fb8eebacbb2d122ef517385"
  version = "v0.0.3"

[[projects]]
  digest = "1:0a52bcb568386d98f4894575d53ce3e456f56471de6897bb8b9de13c33d9340e"
  name = "github.com/spf13/pflag"
  packages = ["."]
  pruneopts = ""
  revision = "9a97c102cda95a86cec2345a6f09f55a939babf5"
  version = "v1.0.2"

[[projects]]
  branch = "master"
  digest = "1:1d52dac9bdc355f83ad9916bc657baa7d8735a108ae749da8e8d3513a1b15f28"
  name = "golang.org/x/net"
  packages = [
    "context",
    "http/httpguts",
    "http2",
    "http2/hpack",
    "idna",
    "internal/timeseries",
    "trace",
  ]
  pruneopts = ""
  revision = "65e2d4e15006aab9813ff8769e768bbf4bb667a0"

[[projects]]
  branch = "master"
  digest = "1:489610147902fe0c7229218c749bb25a8a9ecce0d726ae4f8662517319f32554"
  name = "golang.org/x/sys"
  packages = ["unix"]
  pruneopts = ""
  revision = "41f3e6584952bb034a481797859f6ab34b6803bd"

[[projects]]
  digest = "1:5acd3512b047305d49e8763eef7ba423901e85d5dd2fd1e71778a0ea8de10bd4"
  name = "golang.org/x/text"
  packages = [
    "collate",
    "collate/build",
    "internal/colltab",
    "internal/gen",
    "internal/tag",
    "internal/triegen",
    "internal/ucd",
    "language",
    "secure/bidirule",
    "transform",
    "unicode/bidi",
    "unicode/cldr",
    "unicode/norm",
    "unicode/rangetable",
  ]
  pruneopts = ""
  revision = "f21a4dfb5e38f5895301dc265a8def02365cc3d0"
  version = "v0.3.0"

[[projects]]
  branch = "master"
  digest = "1:91f75dc679abcf04b29b064a5b9c40a0b0561c86c322010fbf6fc08040cc48bc"
  name = "google.golang.org/genproto"
  packages = ["googleapis/rpc/status"]
  pruneopts = ""
  revision = "4b09977fb92221987e99d190c8f88f2c92727a29"

[[projects]]
  digest = "1:39d4d828b87d58d114fdc211f0638f32dcae84019fe17d6b48f9b697f4b60213"
  name = "google.golang.org/grpc"
  packages = [
    ".",
    "balancer",
    "balancer/base",
    "balancer/roundrobin",
    "binarylog/grpc_binarylog_v1",
    "codes",
    "connectivity",
    "credentials",
    "credentials/internal",
    "encoding",
    "encoding/proto",
    "grpclog",
    "internal",
    "internal/backoff",
    "internal/binarylog",
    "internal/channelz",
    "internal/envconfig",
    "internal/grpcrand",
    "internal/grpcsync",
    "internal/syscall",
    "internal/transport",
    "keepalive",
    "metadata",
    "naming",
    "peer",
    "reflection",
    "reflection/grpc_reflection_v1alpha",
    "resolver",
    "resolver/dns",
    "resolver/passthrough",
    "stats",
    "status",
    "tap",
  ]
  pruneopts = ""
  revision = "a02b0774206b209466313a0b525d2c738fe407eb"
  version = "v1.18.0"

[solve-meta]
  analyzer-name = "dep"
  analyzer-version = 1
  input-imports = [
    "github.com/golang/protobuf/ptypes/timestamp",
    "github.com/nalej/derrors",
    "github.com/nalej/golang-template/version",
    "github.com/nalej/grpc-common-go",
    "github.com/nalej/grpc-unified-logging-go",
    "github.com/nalej/grpc-utils/pkg/tools",
    "github.com/olivere/elastic",
    "github.com/rs/zerolog",
    "github.com/rs/zerolog/log",
    "github.com/spf13/cobra",
    "google.golang.org/grpc",
    "google.golang.org/grpc/reflection",
  ]
  solver-name = "gps-cdcl"
  solver-version = 1
